
Microsoft Visual Studio Solution File, Format Version 12.00
# Visual Studio Version 17
VisualStudioVersion = 17.11.35219.272
MinimumVisualStudioVersion = 10.0.40219.1
Project("{FAE04EC0-301F-11D3-BF4B-00C04F79EFBC}") = "AquaInspector", "AquaInspector.csproj", "{DCFFA0D1-B637-442A-8917-5FE519194460}"
EndProject
Global
	GlobalSection(SolutionConfigurationPlatforms) = preSolution
		Debug|Any CPU = Debug|Any CPU
		Release|Any CPU = Release|Any CPU
	EndGlobalSection
	GlobalSection(ProjectConfigurationPlatforms) = postSolution
		{DCFFA0D1-B637-442A-8917-5FE519194460}.Debug|Any CPU.ActiveCfg = Debug|Any CPU
		{DCFFA0D1-B637-442A-8917-5FE519194460}.Debug|Any CPU.Build.0 = Debug|Any CPU
		{DCFFA0D1-B637-442A-8917-5FE519194460}.Release|Any CPU.ActiveCfg = Release|Any CPU
		{DCFFA0D1-B637-442A-8917-5FE519194460}.Release|Any CPU.Build.0 = Release|Any CPU
	EndGlobalSection
	GlobalSection(SolutionProperties) = preSolution
		HideSolutionNode = FALSE
	EndGlobalSection
	GlobalSection(ExtensibilityGlobals) = postSolution
		SolutionGuid = {E367FD2E-F502-4222-9513-2584C669F6BB}
	EndGlobalSection
EndGlobal
